// !$*UTF8*$!
{
	archiveVersion = 1;
	classes = {
	};
	objectVersion = 56;
	objects = {

/* Begin PBXBuildFile section */
		570441F62ABC710800AAB682 /* EffectModel.swift in Sources */ = {isa = PBXBuildFile; fileRef = 570441F52ABC710800AAB682 /* EffectModel.swift */; };
		570CE4D82AA6129200AF25A4 /* Swift2D in Frameworks */ = {isa = PBXBuildFile; productRef = 570CE4D72AA6129200AF25A4 /* Swift2D */; };
		5723B84B2ABE2F8100D4F21C /* GameModel.swift in Sources */ = {isa = PBXBuildFile; fileRef = 5723B84A2ABE2F8100D4F21C /* GameModel.swift */; };
		5723B84E2ABE40E900D4F21C /* Inventory.swift in Sources */ = {isa = PBXBuildFile; fileRef = 5723B84D2ABE40E900D4F21C /* Inventory.swift */; };
		57572D8D2AA0D144001F9239 /* Space_InvadersApp.swift in Sources */ = {isa = PBXBuildFile; fileRef = 57572D8C2AA0D144001F9239 /* Space_InvadersApp.swift */; };
		57572D912AA0D145001F9239 /* Assets.xcassets in Resources */ = {isa = PBXBuildFile; fileRef = 57572D902AA0D145001F9239 /* Assets.xcassets */; };
		57572D942AA0D145001F9239 /* Preview Assets.xcassets in Resources */ = {isa = PBXBuildFile; fileRef = 57572D932AA0D145001F9239 /* Preview Assets.xcassets */; };
		57C2D1C52ABA0CCD004F2A98 /* ExplosionView.swift in Sources */ = {isa = PBXBuildFile; fileRef = 57C2D1C42ABA0CCD004F2A98 /* ExplosionView.swift */; };
		57FAAE762AB653F4008B52B6 /* GameView.swift in Sources */ = {isa = PBXBuildFile; fileRef = 57FAAE752AB653F4008B52B6 /* GameView.swift */; };
		57FAAE792AB65474008B52B6 /* GameViewModel.swift in Sources */ = {isa = PBXBuildFile; fileRef = 57FAAE782AB65474008B52B6 /* GameViewModel.swift */; };
/* End PBXBuildFile section */

/* Begin PBXFileReference section */
		570441F52ABC710800AAB682 /* EffectModel.swift */ = {isa = PBXFileReference; lastKnownFileType = sourcecode.swift; path = EffectModel.swift; sourceTree = "<group>"; };
		5723B84A2ABE2F8100D4F21C /* GameModel.swift */ = {isa = PBXFileReference; lastKnownFileType = sourcecode.swift; path = GameModel.swift; sourceTree = "<group>"; };
		5723B84D2ABE40E900D4F21C /* Inventory.swift */ = {isa = PBXFileReference; lastKnownFileType = sourcecode.swift; path = Inventory.swift; sourceTree = "<group>"; };
		57572D892AA0D144001F9239 /* Space_Invaders.app */ = {isa = PBXFileReference; explicitFileType = wrapper.application; includeInIndex = 0; path = Space_Invaders.app; sourceTree = BUILT_PRODUCTS_DIR; };
		57572D8C2AA0D144001F9239 /* Space_InvadersApp.swift */ = {isa = PBXFileReference; lastKnownFileType = sourcecode.swift; path = Space_InvadersApp.swift; sourceTree = "<group>"; };
		57572D902AA0D145001F9239 /* Assets.xcassets */ = {isa = PBXFileReference; lastKnownFileType = folder.assetcatalog; path = Assets.xcassets; sourceTree = "<group>"; };
		57572D932AA0D145001F9239 /* Preview Assets.xcassets */ = {isa = PBXFileReference; lastKnownFileType = folder.assetcatalog; path = "Preview Assets.xcassets"; sourceTree = "<group>"; };
		57572D952AA0D145001F9239 /* Space_Invaders.entitlements */ = {isa = PBXFileReference; lastKnownFileType = text.plist.entitlements; path = Space_Invaders.entitlements; sourceTree = "<group>"; };
		57C2D1C42ABA0CCD004F2A98 /* ExplosionView.swift */ = {isa = PBXFileReference; lastKnownFileType = sourcecode.swift; path = ExplosionView.swift; sourceTree = "<group>"; };
		57FAAE752AB653F4008B52B6 /* GameView.swift */ = {isa = PBXFileReference; lastKnownFileType = sourcecode.swift; path = GameView.swift; sourceTree = "<group>"; };
		57FAAE782AB65474008B52B6 /* GameViewModel.swift */ = {isa = PBXFileReference; lastKnownFileType = sourcecode.swift; path = GameViewModel.swift; sourceTree = "<group>"; };
/* End PBXFileReference section */

/* Begin PBXFrameworksBuildPhase section */
		57572D862AA0D144001F9239 /* Frameworks */ = {
			isa = PBXFrameworksBuildPhase;
			buildActionMask = 2147483647;
			files = (
				570CE4D82AA6129200AF25A4 /* Swift2D in Frameworks */,
			);
			runOnlyForDeploymentPostprocessing = 0;
		};
/* End PBXFrameworksBuildPhase section */

/* Begin PBXGroup section */
		570441F42ABC70F800AAB682 /* Models */ = {
			isa = PBXGroup;
			children = (
				570441F52ABC710800AAB682 /* EffectModel.swift */,
				5723B84A2ABE2F8100D4F21C /* GameModel.swift */,
			);
			path = Models;
			sourceTree = "<group>";
		};
		5723B84C2ABE40DD00D4F21C /* Helpers */ = {
			isa = PBXGroup;
			children = (
				5723B84D2ABE40E900D4F21C /* Inventory.swift */,
			);
			path = Helpers;
			sourceTree = "<group>";
		};
		57572D802AA0D144001F9239 = {
			isa = PBXGroup;
			children = (
				57572D8B2AA0D144001F9239 /* Space_Invaders */,
				57572D8A2AA0D144001F9239 /* Products */,
			);
			sourceTree = "<group>";
		};
		57572D8A2AA0D144001F9239 /* Products */ = {
			isa = PBXGroup;
			children = (
				57572D892AA0D144001F9239 /* Space_Invaders.app */,
			);
			name = Products;
			sourceTree = "<group>";
		};
		57572D8B2AA0D144001F9239 /* Space_Invaders */ = {
			isa = PBXGroup;
			children = (
				5723B84C2ABE40DD00D4F21C /* Helpers */,
				570441F42ABC70F800AAB682 /* Models */,
				57FAAE772AB65466008B52B6 /* ViewModels */,
				57FAAE742AB653EA008B52B6 /* Views */,
				57572D8C2AA0D144001F9239 /* Space_InvadersApp.swift */,
				57572D902AA0D145001F9239 /* Assets.xcassets */,
				57572D952AA0D145001F9239 /* Space_Invaders.entitlements */,
				57572D922AA0D145001F9239 /* Preview Content */,
			);
			path = Space_Invaders;
			sourceTree = "<group>";
		};
		57572D922AA0D145001F9239 /* Preview Content */ = {
			isa = PBXGroup;
			children = (
				57572D932AA0D145001F9239 /* Preview Assets.xcassets */,
			);
			path = "Preview Content";
			sourceTree = "<group>";
		};
		57FAAE742AB653EA008B52B6 /* Views */ = {
			isa = PBXGroup;
			children = (
				57FAAE752AB653F4008B52B6 /* GameView.swift */,
				57C2D1C42ABA0CCD004F2A98 /* ExplosionView.swift */,
			);
			path = Views;
			sourceTree = "<group>";
		};
		57FAAE772AB65466008B52B6 /* ViewModels */ = {
			isa = PBXGroup;
			children = (
				57FAAE782AB65474008B52B6 /* GameViewModel.swift */,
			);
			path = ViewModels;
			sourceTree = "<group>";
		};
/* End PBXGroup section */

/* Begin PBXNativeTarget section */
		57572D882AA0D144001F9239 /* Space_Invaders */ = {
			isa = PBXNativeTarget;
			buildConfigurationList = 57572D982AA0D145001F9239 /* Build configuration list for PBXNativeTarget "Space_Invaders" */;
			buildPhases = (
				57572D852AA0D144001F9239 /* Sources */,
				57572D862AA0D144001F9239 /* Frameworks */,
				57572D872AA0D144001F9239 /* Resources */,
			);
			buildRules = (
			);
			dependencies = (
			);
			name = Space_Invaders;
			packageProductDependencies = (
				570CE4D72AA6129200AF25A4 /* Swift2D */,
			);
			productName = Space_Invaders;
			productReference = 57572D892AA0D144001F9239 /* Space_Invaders.app */;
			productType = "com.apple.product-type.application";
		};
/* End PBXNativeTarget section */

/* Begin PBXProject section */
		57572D812AA0D144001F9239 /* Project object */ = {
			isa = PBXProject;
			attributes = {
				BuildIndependentTargetsInParallel = 1;
				LastSwiftUpdateCheck = 1430;
				LastUpgradeCheck = 1430;
				TargetAttributes = {
					57572D882AA0D144001F9239 = {
						CreatedOnToolsVersion = 14.3.1;
					};
				};
			};
			buildConfigurationList = 57572D842AA0D144001F9239 /* Build configuration list for PBXProject "Space_Invaders" */;
			compatibilityVersion = "Xcode 14.0";
			developmentRegion = en;
			hasScannedForEncodings = 0;
			knownRegions = (
				en,
				Base,
			);
			mainGroup = 57572D802AA0D144001F9239;
			packageReferences = (
				570CE4D62AA6129200AF25A4 /* XCRemoteSwiftPackageReference "Swift2D" */,
			);
			productRefGroup = 57572D8A2AA0D144001F9239 /* Products */;
			projectDirPath = "";
			projectRoot = "";
			targets = (
				57572D882AA0D144001F9239 /* Space_Invaders */,
			);
		};
/* End PBXProject section */

/* Begin PBXResourcesBuildPhase section */
		57572D872AA0D144001F9239 /* Resources */ = {
			isa = PBXResourcesBuildPhase;
			buildActionMask = 2147483647;
			files = (
				57572D942AA0D145001F9239 /* Preview Assets.xcassets in Resources */,
				57572D912AA0D145001F9239 /* Assets.xcassets in Resources */,
			);
			runOnlyForDeploymentPostprocessing = 0;
		};
/* End PBXResourcesBuildPhase section */

/* Begin PBXSourcesBuildPhase section */
		57572D852AA0D144001F9239 /* Sources */ = {
			isa = PBXSourcesBuildPhase;
			buildActionMask = 2147483647;
			files = (
				57FAAE792AB65474008B52B6 /* GameViewModel.swift in Sources */,
				57FAAE762AB653F4008B52B6 /* GameView.swift in Sources */,
				5723B84E2ABE40E900D4F21C /* Inventory.swift in Sources */,
				570441F62ABC710800AAB682 /* EffectModel.swift in Sources */,
				57572D8D2AA0D144001F9239 /* Space_InvadersApp.swift in Sources */,
				57C2D1C52ABA0CCD004F2A98 /* ExplosionView.swift in Sources */,
				5723B84B2ABE2F8100D4F21C /* GameModel.swift in Sources */,
			);
			runOnlyForDeploymentPostprocessing = 0;
		};
/* End PBXSourcesBuildPhase section */

/* Begin XCBuildConfiguration section */
		57572D962AA0D145001F9239 /* Debug */ = {
			isa = XCBuildConfiguration;
			buildSettings = {
				ALWAYS_SEARCH_USER_PATHS = NO;
				CLANG_ANALYZER_NONNULL = YES;
				CLANG_ANALYZER_NUMBER_OBJECT_CONVERSION = YES_AGGRESSIVE;
				CLANG_CXX_LANGUAGE_STANDARD = "gnu++20";
				CLANG_ENABLE_MODULES = YES;
				CLANG_ENABLE_OBJC_ARC = YES;
				CLANG_ENABLE_OBJC_WEAK = YES;
				CLANG_WARN_BLOCK_CAPTURE_AUTORELEASING = YES;
				CLANG_WARN_BOOL_CONVERSION = YES;
				CLANG_WARN_COMMA = YES;
				CLANG_WARN_CONSTANT_CONVERSION = YES;
				CLANG_WARN_DEPRECATED_OBJC_IMPLEMENTATIONS = YES;
				CLANG_WARN_DIRECT_OBJC_ISA_USAGE = YES_ERROR;
				CLANG_WARN_DOCUMENTATION_COMMENTS = YES;
				CLANG_WARN_EMPTY_BODY = YES;
				CLANG_WARN_ENUM_CONVERSION = YES;
				CLANG_WARN_INFINITE_RECURSION = YES;
				CLANG_WARN_INT_CONVERSION = YES;
				CLANG_WARN_NON_LITERAL_NULL_CONVERSION = YES;
				CLANG_WARN_OBJC_IMPLICIT_RETAIN_SELF = YES;
				CLANG_WARN_OBJC_LITERAL_CONVERSION = YES;
				CLANG_WARN_OBJC_ROOT_CLASS = YES_ERROR;
				CLANG_WARN_QUOTED_INCLUDE_IN_FRAMEWORK_HEADER = YES;
				CLANG_WARN_RANGE_LOOP_ANALYSIS = YES;
				CLANG_WARN_STRICT_PROTOTYPES = YES;
				CLANG_WARN_SUSPICIOUS_MOVE = YES;
				CLANG_WARN_UNGUARDED_AVAILABILITY = YES_AGGRESSIVE;
				CLANG_WARN_UNREACHABLE_CODE = YES;
				CLANG_WARN__DUPLICATE_METHOD_MATCH = YES;
				COPY_PHASE_STRIP = NO;
				DEBUG_INFORMATION_FORMAT = dwarf;
				ENABLE_STRICT_OBJC_MSGSEND = YES;
				ENABLE_TESTABILITY = YES;
				GCC_C_LANGUAGE_STANDARD = gnu11;
				GCC_DYNAMIC_NO_PIC = NO;
				GCC_NO_COMMON_BLOCKS = YES;
				GCC_OPTIMIZATION_LEVEL = 0;
				GCC_PREPROCESSOR_DEFINITIONS = (
					"DEBUG=1",
					"$(inherited)",
				);
				GCC_WARN_64_TO_32_BIT_CONVERSION = YES;
				GCC_WARN_ABOUT_RETURN_TYPE = YES_ERROR;
				GCC_WARN_UNDECLARED_SELECTOR = YES;
				GCC_WARN_UNINITIALIZED_AUTOS = YES_AGGRESSIVE;
				GCC_WARN_UNUSED_FUNCTION = YES;
				GCC_WARN_UNUSED_VARIABLE = YES;
				MACOSX_DEPLOYMENT_TARGET = 13.3;
				MTL_ENABLE_DEBUG_INFO = INCLUDE_SOURCE;
				MTL_FAST_MATH = YES;
				ONLY_ACTIVE_ARCH = YES;
				SDKROOT = macosx;
				SWIFT_ACTIVE_COMPILATION_CONDITIONS = DEBUG;
				SWIFT_OPTIMIZATION_LEVEL = "-Onone";
			};
			name = Debug;
		};
		57572D972AA0D145001F9239 /* Release */ = {
			isa = XCBuildConfiguration;
			buildSettings = {
				ALWAYS_SEARCH_USER_PATHS = NO;
				CLANG_ANALYZER_NONNULL = YES;
				CLANG_ANALYZER_NUMBER_OBJECT_CONVERSION = YES_AGGRESSIVE;
				CLANG_CXX_LANGUAGE_STANDARD = "gnu++20";
				CLANG_ENABLE_MODULES = YES;
				CLANG_ENABLE_OBJC_ARC = YES;
				CLANG_ENABLE_OBJC_WEAK = YES;
				CLANG_WARN_BLOCK_CAPTURE_AUTORELEASING = YES;
				CLANG_WARN_BOOL_CONVERSION = YES;
				CLANG_WARN_COMMA = YES;
				CLANG_WARN_CONSTANT_CONVERSION = YES;
				CLANG_WARN_DEPRECATED_OBJC_IMPLEMENTATIONS = YES;
				CLANG_WARN_DIRECT_OBJC_ISA_USAGE = YES_ERROR;
				CLANG_WARN_DOCUMENTATION_COMMENTS = YES;
				CLANG_WARN_EMPTY_BODY = YES;
				CLANG_WARN_ENUM_CONVERSION = YES;
				CLANG_WARN_INFINITE_RECURSION = YES;
				CLANG_WARN_INT_CONVERSION = YES;
				CLANG_WARN_NON_LITERAL_NULL_CONVERSION = YES;
				CLANG_WARN_OBJC_IMPLICIT_RETAIN_SELF = YES;
				CLANG_WARN_OBJC_LITERAL_CONVERSION = YES;
				CLANG_WARN_OBJC_ROOT_CLASS = YES_ERROR;
				CLANG_WARN_QUOTED_INCLUDE_IN_FRAMEWORK_HEADER = YES;
				CLANG_WARN_RANGE_LOOP_ANALYSIS = YES;
				CLANG_WARN_STRICT_PROTOTYPES = YES;
				CLANG_WARN_SUSPICIOUS_MOVE = YES;
				CLANG_WARN_UNGUARDED_AVAILABILITY = YES_AGGRESSIVE;
				CLANG_WARN_UNREACHABLE_CODE = YES;
				CLANG_WARN__DUPLICATE_METHOD_MATCH = YES;
				COPY_PHASE_STRIP = NO;
				DEBUG_INFORMATION_FORMAT = "dwarf-with-dsym";
				ENABLE_NS_ASSERTIONS = NO;
				ENABLE_STRICT_OBJC_MSGSEND = YES;
				GCC_C_LANGUAGE_STANDARD = gnu11;
				GCC_NO_COMMON_BLOCKS = YES;
				GCC_WARN_64_TO_32_BIT_CONVERSION = YES;
				GCC_WARN_ABOUT_RETURN_TYPE = YES_ERROR;
				GCC_WARN_UNDECLARED_SELECTOR = YES;
				GCC_WARN_UNINITIALIZED_AUTOS = YES_AGGRESSIVE;
				GCC_WARN_UNUSED_FUNCTION = YES;
				GCC_WARN_UNUSED_VARIABLE = YES;
				MACOSX_DEPLOYMENT_TARGET = 13.3;
				MTL_ENABLE_DEBUG_INFO = NO;
				MTL_FAST_MATH = YES;
				SDKROOT = macosx;
				SWIFT_COMPILATION_MODE = wholemodule;
				SWIFT_OPTIMIZATION_LEVEL = "-O";
			};
			name = Release;
		};
		57572D992AA0D145001F9239 /* Debug */ = {
			isa = XCBuildConfiguration;
			buildSettings = {
				ASSETCATALOG_COMPILER_APPICON_NAME = AppIcon;
				ASSETCATALOG_COMPILER_GLOBAL_ACCENT_COLOR_NAME = AccentColor;
				CODE_SIGN_ENTITLEMENTS = Space_Invaders/Space_Invaders.entitlements;
				CODE_SIGN_STYLE = Automatic;
				COMBINE_HIDPI_IMAGES = YES;
				CURRENT_PROJECT_VERSION = 1;
				DEVELOPMENT_ASSET_PATHS = "\"Space_Invaders/Preview Content\"";
				ENABLE_PREVIEWS = YES;
				GENERATE_INFOPLIST_FILE = YES;
				INFOPLIST_KEY_NSHumanReadableCopyright = "";
				LD_RUNPATH_SEARCH_PATHS = (
					"$(inherited)",
					"@executable_path/../Frameworks",
				);
				MARKETING_VERSION = 1.0;
				PRODUCT_BUNDLE_IDENTIFIER = "test.Space-Invaders";
				PRODUCT_NAME = "$(TARGET_NAME)";
				SWIFT_EMIT_LOC_STRINGS = YES;
				SWIFT_VERSION = 5.0;
			};
			name = Debug;
		};
		57572D9A2AA0D145001F9239 /* Release */ = {
			isa = XCBuildConfiguration;
			buildSettings = {
				ASSETCATALOG_COMPILER_APPICON_NAME = AppIcon;
				ASSETCATALOG_COMPILER_GLOBAL_ACCENT_COLOR_NAME = AccentColor;
				CODE_SIGN_ENTITLEMENTS = Space_Invaders/Space_Invaders.entitlements;
				CODE_SIGN_STYLE = Automatic;
				COMBINE_HIDPI_IMAGES = YES;
				CURRENT_PROJECT_VERSION = 1;
				DEVELOPMENT_ASSET_PATHS = "\"Space_Invaders/Preview Content\"";
				ENABLE_PREVIEWS = YES;
				GENERATE_INFOPLIST_FILE = YES;
				INFOPLIST_KEY_NSHumanReadableCopyright = "";
				LD_RUNPATH_SEARCH_PATHS = (
					"$(inherited)",
					"@executable_path/../Frameworks",
				);
				MARKETING_VERSION = 1.0;
				PRODUCT_BUNDLE_IDENTIFIER = "test.Space-Invaders";
				PRODUCT_NAME = "$(TARGET_NAME)";
				SWIFT_EMIT_LOC_STRINGS = YES;
				SWIFT_VERSION = 5.0;
			};
			name = Release;
		};
/* End XCBuildConfiguration section */

/* Begin XCConfigurationList section */
		57572D842AA0D144001F9239 /* Build configuration list for PBXProject "Space_Invaders" */ = {
			isa = XCConfigurationList;
			buildConfigurations = (
				57572D962AA0D145001F9239 /* Debug */,
				57572D972AA0D145001F9239 /* Release */,
			);
			defaultConfigurationIsVisible = 0;
			defaultConfigurationName = Release;
		};
		57572D982AA0D145001F9239 /* Build configuration list for PBXNativeTarget "Space_Invaders" */ = {
			isa = XCConfigurationList;
			buildConfigurations = (
				57572D992AA0D145001F9239 /* Debug */,
				57572D9A2AA0D145001F9239 /* Release */,
			);
			defaultConfigurationIsVisible = 0;
			defaultConfigurationName = Release;
		};
/* End XCConfigurationList section */

/* Begin XCRemoteSwiftPackageReference section */
		570CE4D62AA6129200AF25A4 /* XCRemoteSwiftPackageReference "Swift2D" */ = {
			isa = XCRemoteSwiftPackageReference;
			repositoryURL = "https://github.com/BMilliet/Swift2D";
			requirement = {
				branch = main;
				kind = branch;
			};
		};
/* End XCRemoteSwiftPackageReference section */

/* Begin XCSwiftPackageProductDependency section */
		570CE4D72AA6129200AF25A4 /* Swift2D */ = {
			isa = XCSwiftPackageProductDependency;
			package = 570CE4D62AA6129200AF25A4 /* XCRemoteSwiftPackageReference "Swift2D" */;
			productName = Swift2D;
		};
/* End XCSwiftPackageProductDependency section */
	};
	rootObject = 57572D812AA0D144001F9239 /* Project object */;
}
